
Microsoft Visual Studio Solution File, Format Version 12.00
# Visual Studio 15
VisualStudioVersion = 15.0.28307.1778
MinimumVisualStudioVersion = 10.0.40219.1
Project("{FAE04EC0-301F-11D3-BF4B-00C04F79EFBC}") = "TWD S1 - Spolszczenie", "TWD S1 - Spolszczenie\TWD S1 - Spolszczenie.csproj", "{B69E4B8F-C00C-4EDE-BF29-D95C7A778FD0}"
EndProject
Global
	GlobalSection(SolutionConfigurationPlatforms) = preSolution
		Debug|Any CPU = Debug|Any CPU
		Debug|x86 = Debug|x86
		Release|Any CPU = Release|Any CPU
		Release|x86 = Release|x86
	EndGlobalSection
	GlobalSection(ProjectConfigurationPlatforms) = postSolution
		{B69E4B8F-C00C-4EDE-BF29-D95C7A778FD0}.Debug|Any CPU.ActiveCfg = Debug|Any CPU
		{B69E4B8F-C00C-4EDE-BF29-D95C7A778FD0}.Debug|Any CPU.Build.0 = Debug|Any CPU
		{B69E4B8F-C00C-4EDE-BF29-D95C7A778FD0}.Debug|x86.ActiveCfg = Release|x86
		{B69E4B8F-C00C-4EDE-BF29-D95C7A778FD0}.Debug|x86.Build.0 = Release|x86
		{B69E4B8F-C00C-4EDE-BF29-D95C7A778FD0}.Release|Any CPU.ActiveCfg = Release|Any CPU
		{B69E4B8F-C00C-4EDE-BF29-D95C7A778FD0}.Release|Any CPU.Build.0 = Release|Any CPU
		{B69E4B8F-C00C-4EDE-BF29-D95C7A778FD0}.Release|x86.ActiveCfg = Release|x86
		{B69E4B8F-C00C-4EDE-BF29-D95C7A778FD0}.Release|x86.Build.0 = Release|x86
	EndGlobalSection
	GlobalSection(SolutionProperties) = preSolution
		HideSolutionNode = FALSE
	EndGlobalSection
	GlobalSection(ExtensibilityGlobals) = postSolution
		SolutionGuid = {D8183041-82D2-4274-A0EC-F2D976550C90}
	EndGlobalSection
EndGlobal
